// !$*UTF8*$!
{
	archiveVersion = 1;
	classes = {
	};
	objectVersion = 55;
	objects = {

/* Begin PBXBuildFile section */
		B92C57D8290FA7E900CE2A0A /* AppDelegate.swift in Sources */ = {isa = PBXBuildFile; fileRef = B92C57D7290FA7E900CE2A0A /* AppDelegate.swift */; };
		B92C57DA290FA7E900CE2A0A /* SceneDelegate.swift in Sources */ = {isa = PBXBuildFile; fileRef = B92C57D9290FA7E900CE2A0A /* SceneDelegate.swift */; };
		B92C57E1290FA7EA00CE2A0A /* Assets.xcassets in Resources */ = {isa = PBXBuildFile; fileRef = B92C57E0290FA7EA00CE2A0A /* Assets.xcassets */; };
		B92C57E4290FA7EA00CE2A0A /* LaunchScreen.storyboard in Resources */ = {isa = PBXBuildFile; fileRef = B92C57E2290FA7EA00CE2A0A /* LaunchScreen.storyboard */; };
		B9306B21291254DA00F711E8 /* LocationData.swift in Sources */ = {isa = PBXBuildFile; fileRef = B9306B20291254DA00F711E8 /* LocationData.swift */; };
		B9306B242912553500F711E8 /* KLDocument.swift in Sources */ = {isa = PBXBuildFile; fileRef = B9306B232912553500F711E8 /* KLDocument.swift */; };
		B9306B262912560500F711E8 /* MainListCellData.swift in Sources */ = {isa = PBXBuildFile; fileRef = B9306B252912560500F711E8 /* MainListCellData.swift */; };
		B9306B282912579200F711E8 /* MainViewModel.swift in Sources */ = {isa = PBXBuildFile; fileRef = B9306B272912579200F711E8 /* MainViewModel.swift */; };
		B9361C78291372CF0040AB0E /* LocalAPI.swift in Sources */ = {isa = PBXBuildFile; fileRef = B9361C77291372CF0040AB0E /* LocalAPI.swift */; };
		B9361C7B291373260040AB0E /* LocalNetwork.swift in Sources */ = {isa = PBXBuildFile; fileRef = B9361C7A291373260040AB0E /* LocalNetwork.swift */; };
		B9361C7D2913752E0040AB0E /* MainModel.swift in Sources */ = {isa = PBXBuildFile; fileRef = B9361C7C2913752E0040AB0E /* MainModel.swift */; };
		B9376E712910D8480002AC82 /* RootTabController.swift in Sources */ = {isa = PBXBuildFile; fileRef = B9376E702910D8480002AC82 /* RootTabController.swift */; };
		B9376E732910D8C40002AC82 /* TabBar.swift in Sources */ = {isa = PBXBuildFile; fileRef = B9376E722910D8C40002AC82 /* TabBar.swift */; };
		B9376E762910D9FB0002AC82 /* MainViewController.swift in Sources */ = {isa = PBXBuildFile; fileRef = B9376E752910D9FB0002AC82 /* MainViewController.swift */; };
		B9376E7A2910DA260002AC82 /* MyPageViewController.swift in Sources */ = {isa = PBXBuildFile; fileRef = B9376E792910DA260002AC82 /* MyPageViewController.swift */; };
		B9376E7D2910E5270002AC82 /* ModalViewController.swift in Sources */ = {isa = PBXBuildFile; fileRef = B9376E7C2910E5270002AC82 /* ModalViewController.swift */; };
		FBC86DB5DF0C1715E79C669E /* Pods_CafeNavi.framework in Frameworks */ = {isa = PBXBuildFile; fileRef = 35B442FE45F378E1F3FD96D5 /* Pods_CafeNavi.framework */; };
/* End PBXBuildFile section */

/* Begin PBXFileReference section */
		08B9E44C5856A77812B70F25 /* Pods-CafeNavi.debug.xcconfig */ = {isa = PBXFileReference; includeInIndex = 1; lastKnownFileType = text.xcconfig; name = "Pods-CafeNavi.debug.xcconfig"; path = "Target Support Files/Pods-CafeNavi/Pods-CafeNavi.debug.xcconfig"; sourceTree = "<group>"; };
		35B442FE45F378E1F3FD96D5 /* Pods_CafeNavi.framework */ = {isa = PBXFileReference; explicitFileType = wrapper.framework; includeInIndex = 0; path = Pods_CafeNavi.framework; sourceTree = BUILT_PRODUCTS_DIR; };
		93D4B7CE41F9B3A31B03FD90 /* Pods-CafeNavi.release.xcconfig */ = {isa = PBXFileReference; includeInIndex = 1; lastKnownFileType = text.xcconfig; name = "Pods-CafeNavi.release.xcconfig"; path = "Target Support Files/Pods-CafeNavi/Pods-CafeNavi.release.xcconfig"; sourceTree = "<group>"; };
		B92C57D4290FA7E900CE2A0A /* CafeNavi.app */ = {isa = PBXFileReference; explicitFileType = wrapper.application; includeInIndex = 0; path = CafeNavi.app; sourceTree = BUILT_PRODUCTS_DIR; };
		B92C57D7290FA7E900CE2A0A /* AppDelegate.swift */ = {isa = PBXFileReference; lastKnownFileType = sourcecode.swift; path = AppDelegate.swift; sourceTree = "<group>"; };
		B92C57D9290FA7E900CE2A0A /* SceneDelegate.swift */ = {isa = PBXFileReference; lastKnownFileType = sourcecode.swift; path = SceneDelegate.swift; sourceTree = "<group>"; };
		B92C57E0290FA7EA00CE2A0A /* Assets.xcassets */ = {isa = PBXFileReference; lastKnownFileType = folder.assetcatalog; path = Assets.xcassets; sourceTree = "<group>"; };
		B92C57E3290FA7EA00CE2A0A /* Base */ = {isa = PBXFileReference; lastKnownFileType = file.storyboard; name = Base; path = Base.lproj/LaunchScreen.storyboard; sourceTree = "<group>"; };
		B92C57E5290FA7EA00CE2A0A /* Info.plist */ = {isa = PBXFileReference; lastKnownFileType = text.plist.xml; path = Info.plist; sourceTree = "<group>"; };
		B9306B20291254DA00F711E8 /* LocationData.swift */ = {isa = PBXFileReference; lastKnownFileType = sourcecode.swift; path = LocationData.swift; sourceTree = "<group>"; };
		B9306B232912553500F711E8 /* KLDocument.swift */ = {isa = PBXFileReference; lastKnownFileType = sourcecode.swift; path = KLDocument.swift; sourceTree = "<group>"; };
		B9306B252912560500F711E8 /* MainListCellData.swift */ = {isa = PBXFileReference; lastKnownFileType = sourcecode.swift; path = MainListCellData.swift; sourceTree = "<group>"; };
		B9306B272912579200F711E8 /* MainViewModel.swift */ = {isa = PBXFileReference; lastKnownFileType = sourcecode.swift; path = MainViewModel.swift; sourceTree = "<group>"; };
		B9361C77291372CF0040AB0E /* LocalAPI.swift */ = {isa = PBXFileReference; lastKnownFileType = sourcecode.swift; path = LocalAPI.swift; sourceTree = "<group>"; };
		B9361C7A291373260040AB0E /* LocalNetwork.swift */ = {isa = PBXFileReference; lastKnownFileType = sourcecode.swift; path = LocalNetwork.swift; sourceTree = "<group>"; };
		B9361C7C2913752E0040AB0E /* MainModel.swift */ = {isa = PBXFileReference; lastKnownFileType = sourcecode.swift; path = MainModel.swift; sourceTree = "<group>"; };
		B9376E702910D8480002AC82 /* RootTabController.swift */ = {isa = PBXFileReference; lastKnownFileType = sourcecode.swift; path = RootTabController.swift; sourceTree = "<group>"; };
		B9376E722910D8C40002AC82 /* TabBar.swift */ = {isa = PBXFileReference; lastKnownFileType = sourcecode.swift; path = TabBar.swift; sourceTree = "<group>"; };
		B9376E752910D9FB0002AC82 /* MainViewController.swift */ = {isa = PBXFileReference; lastKnownFileType = sourcecode.swift; path = MainViewController.swift; sourceTree = "<group>"; };
		B9376E792910DA260002AC82 /* MyPageViewController.swift */ = {isa = PBXFileReference; lastKnownFileType = sourcecode.swift; path = MyPageViewController.swift; sourceTree = "<group>"; };
		B9376E7C2910E5270002AC82 /* ModalViewController.swift */ = {isa = PBXFileReference; lastKnownFileType = sourcecode.swift; path = ModalViewController.swift; sourceTree = "<group>"; };
/* End PBXFileReference section */

/* Begin PBXFrameworksBuildPhase section */
		B92C57D1290FA7E900CE2A0A /* Frameworks */ = {
			isa = PBXFrameworksBuildPhase;
			buildActionMask = 2147483647;
			files = (
				FBC86DB5DF0C1715E79C669E /* Pods_CafeNavi.framework in Frameworks */,
			);
			runOnlyForDeploymentPostprocessing = 0;
		};
/* End PBXFrameworksBuildPhase section */

/* Begin PBXGroup section */
		6FD069042B7FCF45D191AC4A /* Frameworks */ = {
			isa = PBXGroup;
			children = (
				35B442FE45F378E1F3FD96D5 /* Pods_CafeNavi.framework */,
			);
			name = Frameworks;
			sourceTree = "<group>";
		};
		B92C57CB290FA7E900CE2A0A = {
			isa = PBXGroup;
			children = (
				B92C57D6290FA7E900CE2A0A /* CafeNavi */,
				B92C57D5290FA7E900CE2A0A /* Products */,
				DD26219A87155785AE8B3DD7 /* Pods */,
				6FD069042B7FCF45D191AC4A /* Frameworks */,
			);
			sourceTree = "<group>";
		};
		B92C57D5290FA7E900CE2A0A /* Products */ = {
			isa = PBXGroup;
			children = (
				B92C57D4290FA7E900CE2A0A /* CafeNavi.app */,
			);
			name = Products;
			sourceTree = "<group>";
		};
		B92C57D6290FA7E900CE2A0A /* CafeNavi */ = {
			isa = PBXGroup;
			children = (
				B9376E702910D8480002AC82 /* RootTabController.swift */,
				B9361C792913731B0040AB0E /* Network */,
				B9306B22291254DD00F711E8 /* Entities */,
				B9376E772910DA040002AC82 /* Presentation */,
				B9376E742910D9A60002AC82 /* Enum */,
				B92C57D7290FA7E900CE2A0A /* AppDelegate.swift */,
				B92C57D9290FA7E900CE2A0A /* SceneDelegate.swift */,
				B92C57E0290FA7EA00CE2A0A /* Assets.xcassets */,
				B92C57E2290FA7EA00CE2A0A /* LaunchScreen.storyboard */,
				B92C57E5290FA7EA00CE2A0A /* Info.plist */,
			);
			path = CafeNavi;
			sourceTree = "<group>";
		};
		B9306B22291254DD00F711E8 /* Entities */ = {
			isa = PBXGroup;
			children = (
				B9306B20291254DA00F711E8 /* LocationData.swift */,
				B9306B232912553500F711E8 /* KLDocument.swift */,
				B9306B252912560500F711E8 /* MainListCellData.swift */,
			);
			path = Entities;
			sourceTree = "<group>";
		};
		B9361C792913731B0040AB0E /* Network */ = {
			isa = PBXGroup;
			children = (
				B9361C77291372CF0040AB0E /* LocalAPI.swift */,
				B9361C7A291373260040AB0E /* LocalNetwork.swift */,
			);
			path = Network;
			sourceTree = "<group>";
		};
		B9376E742910D9A60002AC82 /* Enum */ = {
			isa = PBXGroup;
			children = (
				B9376E722910D8C40002AC82 /* TabBar.swift */,
			);
			path = Enum;
			sourceTree = "<group>";
		};
		B9376E772910DA040002AC82 /* Presentation */ = {
			isa = PBXGroup;
			children = (
				B9376E782910DA1A0002AC82 /* Main */,
				B9376E7B2910DA290002AC82 /* MyPage */,
			);
			name = Presentation;
			sourceTree = "<group>";
		};
		B9376E782910DA1A0002AC82 /* Main */ = {
			isa = PBXGroup;
			children = (
				B9376E752910D9FB0002AC82 /* MainViewController.swift */,
				B9376E7C2910E5270002AC82 /* ModalViewController.swift */,
				B9306B272912579200F711E8 /* MainViewModel.swift */,
				B9361C7C2913752E0040AB0E /* MainModel.swift */,
			);
			name = Main;
			sourceTree = "<group>";
		};
		B9376E7B2910DA290002AC82 /* MyPage */ = {
			isa = PBXGroup;
			children = (
				B9376E792910DA260002AC82 /* MyPageViewController.swift */,
			);
			name = MyPage;
			sourceTree = "<group>";
		};
		DD26219A87155785AE8B3DD7 /* Pods */ = {
			isa = PBXGroup;
			children = (
				08B9E44C5856A77812B70F25 /* Pods-CafeNavi.debug.xcconfig */,
				93D4B7CE41F9B3A31B03FD90 /* Pods-CafeNavi.release.xcconfig */,
			);
			path = Pods;
			sourceTree = "<group>";
		};
/* End PBXGroup section */

/* Begin PBXNativeTarget section */
		B92C57D3290FA7E900CE2A0A /* CafeNavi */ = {
			isa = PBXNativeTarget;
			buildConfigurationList = B92C57E8290FA7EA00CE2A0A /* Build configuration list for PBXNativeTarget "CafeNavi" */;
			buildPhases = (
				4212531AA355BA5427164201 /* [CP] Check Pods Manifest.lock */,
				B92C57D0290FA7E900CE2A0A /* Sources */,
				B92C57D1290FA7E900CE2A0A /* Frameworks */,
				B92C57D2290FA7E900CE2A0A /* Resources */,
				448B8057D43F503B19C996D7 /* [CP] Embed Pods Frameworks */,
			);
			buildRules = (
			);
			dependencies = (
			);
			name = CafeNavi;
			productName = CafeNavi;
			productReference = B92C57D4290FA7E900CE2A0A /* CafeNavi.app */;
			productType = "com.apple.product-type.application";
		};
/* End PBXNativeTarget section */

/* Begin PBXProject section */
		B92C57CC290FA7E900CE2A0A /* Project object */ = {
			isa = PBXProject;
			attributes = {
				BuildIndependentTargetsInParallel = 1;
				LastSwiftUpdateCheck = 1400;
				LastUpgradeCheck = 1400;
				TargetAttributes = {
					B92C57D3290FA7E900CE2A0A = {
						CreatedOnToolsVersion = 14.0.1;
					};
				};
			};
			buildConfigurationList = B92C57CF290FA7E900CE2A0A /* Build configuration list for PBXProject "CafeNavi" */;
			compatibilityVersion = "Xcode 13.0";
			developmentRegion = en;
			hasScannedForEncodings = 0;
			knownRegions = (
				en,
				Base,
			);
			mainGroup = B92C57CB290FA7E900CE2A0A;
			productRefGroup = B92C57D5290FA7E900CE2A0A /* Products */;
			projectDirPath = "";
			projectRoot = "";
			targets = (
				B92C57D3290FA7E900CE2A0A /* CafeNavi */,
			);
		};
/* End PBXProject section */

/* Begin PBXResourcesBuildPhase section */
		B92C57D2290FA7E900CE2A0A /* Resources */ = {
			isa = PBXResourcesBuildPhase;
			buildActionMask = 2147483647;
			files = (
				B92C57E4290FA7EA00CE2A0A /* LaunchScreen.storyboard in Resources */,
				B92C57E1290FA7EA00CE2A0A /* Assets.xcassets in Resources */,
			);
			runOnlyForDeploymentPostprocessing = 0;
		};
/* End PBXResourcesBuildPhase section */

/* Begin PBXShellScriptBuildPhase section */
		4212531AA355BA5427164201 /* [CP] Check Pods Manifest.lock */ = {
			isa = PBXShellScriptBuildPhase;
			buildActionMask = 2147483647;
			files = (
			);
			inputFileListPaths = (
			);
			inputPaths = (
				"${PODS_PODFILE_DIR_PATH}/Podfile.lock",
				"${PODS_ROOT}/Manifest.lock",
			);
			name = "[CP] Check Pods Manifest.lock";
			outputFileListPaths = (
			);
			outputPaths = (
				"$(DERIVED_FILE_DIR)/Pods-CafeNavi-checkManifestLockResult.txt",
			);
			runOnlyForDeploymentPostprocessing = 0;
			shellPath = /bin/sh;
			shellScript = "diff \"${PODS_PODFILE_DIR_PATH}/Podfile.lock\" \"${PODS_ROOT}/Manifest.lock\" > /dev/null\nif [ $? != 0 ] ; then\n    # print error to STDERR\n    echo \"error: The sandbox is not in sync with the Podfile.lock. Run 'pod install' or update your CocoaPods installation.\" >&2\n    exit 1\nfi\n# This output is used by Xcode 'outputs' to avoid re-running this script phase.\necho \"SUCCESS\" > \"${SCRIPT_OUTPUT_FILE_0}\"\n";
			showEnvVarsInLog = 0;
		};
		448B8057D43F503B19C996D7 /* [CP] Embed Pods Frameworks */ = {
			isa = PBXShellScriptBuildPhase;
			buildActionMask = 2147483647;
			files = (
			);
			inputFileListPaths = (
				"${PODS_ROOT}/Target Support Files/Pods-CafeNavi/Pods-CafeNavi-frameworks-${CONFIGURATION}-input-files.xcfilelist",
			);
			name = "[CP] Embed Pods Frameworks";
			outputFileListPaths = (
				"${PODS_ROOT}/Target Support Files/Pods-CafeNavi/Pods-CafeNavi-frameworks-${CONFIGURATION}-output-files.xcfilelist",
			);
			runOnlyForDeploymentPostprocessing = 0;
			shellPath = /bin/sh;
			shellScript = "\"${PODS_ROOT}/Target Support Files/Pods-CafeNavi/Pods-CafeNavi-frameworks.sh\"\n";
			showEnvVarsInLog = 0;
		};
/* End PBXShellScriptBuildPhase section */

/* Begin PBXSourcesBuildPhase section */
		B92C57D0290FA7E900CE2A0A /* Sources */ = {
			isa = PBXSourcesBuildPhase;
			buildActionMask = 2147483647;
			files = (
				B9306B21291254DA00F711E8 /* LocationData.swift in Sources */,
				B9376E712910D8480002AC82 /* RootTabController.swift in Sources */,
				B9376E7A2910DA260002AC82 /* MyPageViewController.swift in Sources */,
				B92C57D8290FA7E900CE2A0A /* AppDelegate.swift in Sources */,
				B9361C7B291373260040AB0E /* LocalNetwork.swift in Sources */,
				B9306B262912560500F711E8 /* MainListCellData.swift in Sources */,
				B9376E762910D9FB0002AC82 /* MainViewController.swift in Sources */,
				B9361C78291372CF0040AB0E /* LocalAPI.swift in Sources */,
				B9306B242912553500F711E8 /* KLDocument.swift in Sources */,
				B92C57DA290FA7E900CE2A0A /* SceneDelegate.swift in Sources */,
				B9361C7D2913752E0040AB0E /* MainModel.swift in Sources */,
				B9376E732910D8C40002AC82 /* TabBar.swift in Sources */,
				B9376E7D2910E5270002AC82 /* ModalViewController.swift in Sources */,
				B9306B282912579200F711E8 /* MainViewModel.swift in Sources */,
			);
			runOnlyForDeploymentPostprocessing = 0;
		};
/* End PBXSourcesBuildPhase section */

/* Begin PBXVariantGroup section */
		B92C57E2290FA7EA00CE2A0A /* LaunchScreen.storyboard */ = {
			isa = PBXVariantGroup;
			children = (
				B92C57E3290FA7EA00CE2A0A /* Base */,
			);
			name = LaunchScreen.storyboard;
			sourceTree = "<group>";
		};
/* End PBXVariantGroup section */

/* Begin XCBuildConfiguration section */
		B92C57E6290FA7EA00CE2A0A /* Debug */ = {
			isa = XCBuildConfiguration;
			buildSettings = {
				ALWAYS_SEARCH_USER_PATHS = NO;
				CLANG_ANALYZER_NONNULL = YES;
				CLANG_ANALYZER_NUMBER_OBJECT_CONVERSION = YES_AGGRESSIVE;
				CLANG_CXX_LANGUAGE_STANDARD = "gnu++20";
				CLANG_ENABLE_MODULES = YES;
				CLANG_ENABLE_OBJC_ARC = YES;
				CLANG_ENABLE_OBJC_WEAK = YES;
				CLANG_WARN_BLOCK_CAPTURE_AUTORELEASING = YES;
				CLANG_WARN_BOOL_CONVERSION = YES;
				CLANG_WARN_COMMA = YES;
				CLANG_WARN_CONSTANT_CONVERSION = YES;
				CLANG_WARN_DEPRECATED_OBJC_IMPLEMENTATIONS = YES;
				CLANG_WARN_DIRECT_OBJC_ISA_USAGE = YES_ERROR;
				CLANG_WARN_DOCUMENTATION_COMMENTS = YES;
				CLANG_WARN_EMPTY_BODY = YES;
				CLANG_WARN_ENUM_CONVERSION = YES;
				CLANG_WARN_INFINITE_RECURSION = YES;
				CLANG_WARN_INT_CONVERSION = YES;
				CLANG_WARN_NON_LITERAL_NULL_CONVERSION = YES;
				CLANG_WARN_OBJC_IMPLICIT_RETAIN_SELF = YES;
				CLANG_WARN_OBJC_LITERAL_CONVERSION = YES;
				CLANG_WARN_OBJC_ROOT_CLASS = YES_ERROR;
				CLANG_WARN_QUOTED_INCLUDE_IN_FRAMEWORK_HEADER = YES;
				CLANG_WARN_RANGE_LOOP_ANALYSIS = YES;
				CLANG_WARN_STRICT_PROTOTYPES = YES;
				CLANG_WARN_SUSPICIOUS_MOVE = YES;
				CLANG_WARN_UNGUARDED_AVAILABILITY = YES_AGGRESSIVE;
				CLANG_WARN_UNREACHABLE_CODE = YES;
				CLANG_WARN__DUPLICATE_METHOD_MATCH = YES;
				COPY_PHASE_STRIP = NO;
				DEBUG_INFORMATION_FORMAT = dwarf;
				ENABLE_STRICT_OBJC_MSGSEND = YES;
				ENABLE_TESTABILITY = YES;
				GCC_C_LANGUAGE_STANDARD = gnu11;
				GCC_DYNAMIC_NO_PIC = NO;
				GCC_NO_COMMON_BLOCKS = YES;
				GCC_OPTIMIZATION_LEVEL = 0;
				GCC_PREPROCESSOR_DEFINITIONS = (
					"DEBUG=1",
					"$(inherited)",
				);
				GCC_WARN_64_TO_32_BIT_CONVERSION = YES;
				GCC_WARN_ABOUT_RETURN_TYPE = YES_ERROR;
				GCC_WARN_UNDECLARED_SELECTOR = YES;
				GCC_WARN_UNINITIALIZED_AUTOS = YES_AGGRESSIVE;
				GCC_WARN_UNUSED_FUNCTION = YES;
				GCC_WARN_UNUSED_VARIABLE = YES;
				IPHONEOS_DEPLOYMENT_TARGET = 16.0;
				MTL_ENABLE_DEBUG_INFO = INCLUDE_SOURCE;
				MTL_FAST_MATH = YES;
				ONLY_ACTIVE_ARCH = YES;
				SDKROOT = iphoneos;
				SWIFT_ACTIVE_COMPILATION_CONDITIONS = DEBUG;
				SWIFT_OPTIMIZATION_LEVEL = "-Onone";
			};
			name = Debug;
		};
		B92C57E7290FA7EA00CE2A0A /* Release */ = {
			isa = XCBuildConfiguration;
			buildSettings = {
				ALWAYS_SEARCH_USER_PATHS = NO;
				CLANG_ANALYZER_NONNULL = YES;
				CLANG_ANALYZER_NUMBER_OBJECT_CONVERSION = YES_AGGRESSIVE;
				CLANG_CXX_LANGUAGE_STANDARD = "gnu++20";
				CLANG_ENABLE_MODULES = YES;
				CLANG_ENABLE_OBJC_ARC = YES;
				CLANG_ENABLE_OBJC_WEAK = YES;
				CLANG_WARN_BLOCK_CAPTURE_AUTORELEASING = YES;
				CLANG_WARN_BOOL_CONVERSION = YES;
				CLANG_WARN_COMMA = YES;
				CLANG_WARN_CONSTANT_CONVERSION = YES;
				CLANG_WARN_DEPRECATED_OBJC_IMPLEMENTATIONS = YES;
				CLANG_WARN_DIRECT_OBJC_ISA_USAGE = YES_ERROR;
				CLANG_WARN_DOCUMENTATION_COMMENTS = YES;
				CLANG_WARN_EMPTY_BODY = YES;
				CLANG_WARN_ENUM_CONVERSION = YES;
				CLANG_WARN_INFINITE_RECURSION = YES;
				CLANG_WARN_INT_CONVERSION = YES;
				CLANG_WARN_NON_LITERAL_NULL_CONVERSION = YES;
				CLANG_WARN_OBJC_IMPLICIT_RETAIN_SELF = YES;
				CLANG_WARN_OBJC_LITERAL_CONVERSION = YES;
				CLANG_WARN_OBJC_ROOT_CLASS = YES_ERROR;
				CLANG_WARN_QUOTED_INCLUDE_IN_FRAMEWORK_HEADER = YES;
				CLANG_WARN_RANGE_LOOP_ANALYSIS = YES;
				CLANG_WARN_STRICT_PROTOTYPES = YES;
				CLANG_WARN_SUSPICIOUS_MOVE = YES;
				CLANG_WARN_UNGUARDED_AVAILABILITY = YES_AGGRESSIVE;
				CLANG_WARN_UNREACHABLE_CODE = YES;
				CLANG_WARN__DUPLICATE_METHOD_MATCH = YES;
				COPY_PHASE_STRIP = NO;
				DEBUG_INFORMATION_FORMAT = "dwarf-with-dsym";
				ENABLE_NS_ASSERTIONS = NO;
				ENABLE_STRICT_OBJC_MSGSEND = YES;
				GCC_C_LANGUAGE_STANDARD = gnu11;
				GCC_NO_COMMON_BLOCKS = YES;
				GCC_WARN_64_TO_32_BIT_CONVERSION = YES;
				GCC_WARN_ABOUT_RETURN_TYPE = YES_ERROR;
				GCC_WARN_UNDECLARED_SELECTOR = YES;
				GCC_WARN_UNINITIALIZED_AUTOS = YES_AGGRESSIVE;
				GCC_WARN_UNUSED_FUNCTION = YES;
				GCC_WARN_UNUSED_VARIABLE = YES;
				IPHONEOS_DEPLOYMENT_TARGET = 16.0;
				MTL_ENABLE_DEBUG_INFO = NO;
				MTL_FAST_MATH = YES;
				SDKROOT = iphoneos;
				SWIFT_COMPILATION_MODE = wholemodule;
				SWIFT_OPTIMIZATION_LEVEL = "-O";
				VALIDATE_PRODUCT = YES;
			};
			name = Release;
		};
		B92C57E9290FA7EA00CE2A0A /* Debug */ = {
			isa = XCBuildConfiguration;
			baseConfigurationReference = 08B9E44C5856A77812B70F25 /* Pods-CafeNavi.debug.xcconfig */;
			buildSettings = {
				ASSETCATALOG_COMPILER_APPICON_NAME = AppIcon;
				ASSETCATALOG_COMPILER_GLOBAL_ACCENT_COLOR_NAME = AccentColor;
				CODE_SIGN_STYLE = Automatic;
				CURRENT_PROJECT_VERSION = 1;
				DEVELOPMENT_TEAM = NMLQKC3L6A;
				GENERATE_INFOPLIST_FILE = YES;
				INFOPLIST_FILE = CafeNavi/Info.plist;
				INFOPLIST_KEY_UIApplicationSupportsIndirectInputEvents = YES;
				INFOPLIST_KEY_UILaunchStoryboardName = LaunchScreen;
				INFOPLIST_KEY_UISupportedInterfaceOrientations_iPad = "UIInterfaceOrientationPortrait UIInterfaceOrientationPortraitUpsideDown UIInterfaceOrientationLandscapeLeft UIInterfaceOrientationLandscapeRight";
				INFOPLIST_KEY_UISupportedInterfaceOrientations_iPhone = "UIInterfaceOrientationPortrait UIInterfaceOrientationLandscapeLeft UIInterfaceOrientationLandscapeRight";
				LD_RUNPATH_SEARCH_PATHS = (
					"$(inherited)",
					"@executable_path/Frameworks",
				);
				MARKETING_VERSION = 1.0;
				PRODUCT_BUNDLE_IDENTIFIER = com.hylee.CafeNavi;
				PRODUCT_NAME = "$(TARGET_NAME)";
				SWIFT_EMIT_LOC_STRINGS = YES;
				SWIFT_VERSION = 5.0;
				TARGETED_DEVICE_FAMILY = "1,2";
			};
			name = Debug;
		};
		B92C57EA290FA7EA00CE2A0A /* Release */ = {
			isa = XCBuildConfiguration;
			baseConfigurationReference = 93D4B7CE41F9B3A31B03FD90 /* Pods-CafeNavi.release.xcconfig */;
			buildSettings = {
				ASSETCATALOG_COMPILER_APPICON_NAME = AppIcon;
				ASSETCATALOG_COMPILER_GLOBAL_ACCENT_COLOR_NAME = AccentColor;
				CODE_SIGN_STYLE = Automatic;
				CURRENT_PROJECT_VERSION = 1;
				DEVELOPMENT_TEAM = NMLQKC3L6A;
				GENERATE_INFOPLIST_FILE = YES;
				INFOPLIST_FILE = CafeNavi/Info.plist;
				INFOPLIST_KEY_UIApplicationSupportsIndirectInputEvents = YES;
				INFOPLIST_KEY_UILaunchStoryboardName = LaunchScreen;
				INFOPLIST_KEY_UISupportedInterfaceOrientations_iPad = "UIInterfaceOrientationPortrait UIInterfaceOrientationPortraitUpsideDown UIInterfaceOrientationLandscapeLeft UIInterfaceOrientationLandscapeRight";
				INFOPLIST_KEY_UISupportedInterfaceOrientations_iPhone = "UIInterfaceOrientationPortrait UIInterfaceOrientationLandscapeLeft UIInterfaceOrientationLandscapeRight";
				LD_RUNPATH_SEARCH_PATHS = (
					"$(inherited)",
					"@executable_path/Frameworks",
				);
				MARKETING_VERSION = 1.0;
				PRODUCT_BUNDLE_IDENTIFIER = com.hylee.CafeNavi;
				PRODUCT_NAME = "$(TARGET_NAME)";
				SWIFT_EMIT_LOC_STRINGS = YES;
				SWIFT_VERSION = 5.0;
				TARGETED_DEVICE_FAMILY = "1,2";
			};
			name = Release;
		};
/* End XCBuildConfiguration section */

/* Begin XCConfigurationList section */
		B92C57CF290FA7E900CE2A0A /* Build configuration list for PBXProject "CafeNavi" */ = {
			isa = XCConfigurationList;
			buildConfigurations = (
				B92C57E6290FA7EA00CE2A0A /* Debug */,
				B92C57E7290FA7EA00CE2A0A /* Release */,
			);
			defaultConfigurationIsVisible = 0;
			defaultConfigurationName = Release;
		};
		B92C57E8290FA7EA00CE2A0A /* Build configuration list for PBXNativeTarget "CafeNavi" */ = {
			isa = XCConfigurationList;
			buildConfigurations = (
				B92C57E9290FA7EA00CE2A0A /* Debug */,
				B92C57EA290FA7EA00CE2A0A /* Release */,
			);
			defaultConfigurationIsVisible = 0;
			defaultConfigurationName = Release;
		};
/* End XCConfigurationList section */
	};
	rootObject = B92C57CC290FA7E900CE2A0A /* Project object */;
}
